
Microsoft Visual Studio Solution File, Format Version 12.00
# Visual Studio Version 16
VisualStudioVersion = 16.0.31702.278
MinimumVisualStudioVersion = 10.0.40219.1
Project("{FAE04EC0-301F-11D3-BF4B-00C04F79EFBC}") = "SalesMVC", "SalesMVC\SalesMVC.csproj", "{044F1D08-60AD-4E98-AB6F-5FFD2E7F0AD5}"
EndProject
Global
	GlobalSection(SolutionConfigurationPlatforms) = preSolution
		Debug|Any CPU = Debug|Any CPU
		Release|Any CPU = Release|Any CPU
	EndGlobalSection
	GlobalSection(ProjectConfigurationPlatforms) = postSolution
		{044F1D08-60AD-4E98-AB6F-5FFD2E7F0AD5}.Debug|Any CPU.ActiveCfg = Debug|Any CPU
		{044F1D08-60AD-4E98-AB6F-5FFD2E7F0AD5}.Debug|Any CPU.Build.0 = Debug|Any CPU
		{044F1D08-60AD-4E98-AB6F-5FFD2E7F0AD5}.Release|Any CPU.ActiveCfg = Release|Any CPU
		{044F1D08-60AD-4E98-AB6F-5FFD2E7F0AD5}.Release|Any CPU.Build.0 = Release|Any CPU
	EndGlobalSection
	GlobalSection(SolutionProperties) = preSolution
		HideSolutionNode = FALSE
	EndGlobalSection
	GlobalSection(ExtensibilityGlobals) = postSolution
		SolutionGuid = {F6C53303-4CDD-4E17-A8ED-1837E57B9888}
	EndGlobalSection
EndGlobal
